
Microsoft Visual Studio Solution File, Format Version 12.00
# Visual Studio 15
VisualStudioVersion = 15.0.28307.421
MinimumVisualStudioVersion = 10.0.40219.1
Project("{FAE04EC0-301F-11D3-BF4B-00C04F79EFBC}") = "FACEIT.Wrapper", "FACEIT.Wrapper\FACEIT.Wrapper.csproj", "{CC963245-7CFD-4428-8C58-D150FC25A822}"
EndProject
Global
	GlobalSection(SolutionConfigurationPlatforms) = preSolution
		Debug|Any CPU = Debug|Any CPU
		Release|Any CPU = Release|Any CPU
	EndGlobalSection
	GlobalSection(ProjectConfigurationPlatforms) = postSolution
		{CC963245-7CFD-4428-8C58-D150FC25A822}.Debug|Any CPU.ActiveCfg = Debug|Any CPU
		{CC963245-7CFD-4428-8C58-D150FC25A822}.Debug|Any CPU.Build.0 = Debug|Any CPU
		{CC963245-7CFD-4428-8C58-D150FC25A822}.Release|Any CPU.ActiveCfg = Release|Any CPU
		{CC963245-7CFD-4428-8C58-D150FC25A822}.Release|Any CPU.Build.0 = Release|Any CPU
	EndGlobalSection
	GlobalSection(SolutionProperties) = preSolution
		HideSolutionNode = FALSE
	EndGlobalSection
	GlobalSection(ExtensibilityGlobals) = postSolution
		SolutionGuid = {7AE6066D-62BD-4BBF-9425-64CC7F9B390F}
	EndGlobalSection
EndGlobal
